{
    "_meta": {
        "hash": {
            "sha256": "8684575dc2e2ee3ef130963dade592c67e470b510ee5ccd3a60920b144ac8e32"
        },
        "pipfile-spec": 6,
        "requires": {
            "python_version": "3.8"
        },
        "sources": [
            {
                "name": "pypi",
                "url": "https://pypi.org/simple",
                "verify_ssl": true
            }
        ]
    },
    "default": {
        "flask": "*",
        "flask-restful": "*",
        "flask-cors": "*"
    },
    "develop": {}
}